// !$*UTF8*$!
{
	archiveVersion = 1;
	classes = {
	};
	objectVersion = 56;
	objects = {

/* Begin PBXBuildFile section */
		1EAE93B5FB133CC9CA6D1A32 /* Pods_Twitter_FacebookSDK.framework in Frameworks */ = {isa = PBXBuildFile; fileRef = 30E8D657E3DBAE00A0087572 /* Pods_Twitter_FacebookSDK.framework */; };
		F3E62C0E2B42A788001A0A8E /* AppDelegate.swift in Sources */ = {isa = PBXBuildFile; fileRef = F3E62C0D2B42A788001A0A8E /* AppDelegate.swift */; };
		F3E62C102B42A788001A0A8E /* SceneDelegate.swift in Sources */ = {isa = PBXBuildFile; fileRef = F3E62C0F2B42A788001A0A8E /* SceneDelegate.swift */; };
		F3E62C152B42A788001A0A8E /* Main.storyboard in Resources */ = {isa = PBXBuildFile; fileRef = F3E62C132B42A788001A0A8E /* Main.storyboard */; };
		F3E62C172B42A78A001A0A8E /* Assets.xcassets in Resources */ = {isa = PBXBuildFile; fileRef = F3E62C162B42A78A001A0A8E /* Assets.xcassets */; };
		F3E62C1A2B42A78A001A0A8E /* LaunchScreen.storyboard in Resources */ = {isa = PBXBuildFile; fileRef = F3E62C182B42A78A001A0A8E /* LaunchScreen.storyboard */; };
		F3E62C222B42A9CC001A0A8E /* FeedTableViewController.swift in Sources */ = {isa = PBXBuildFile; fileRef = F3E62C212B42A9CC001A0A8E /* FeedTableViewController.swift */; };
		F3E62C242B42AD00001A0A8E /* FeedTableViewCell.swift in Sources */ = {isa = PBXBuildFile; fileRef = F3E62C232B42AD00001A0A8E /* FeedTableViewCell.swift */; };
/* End PBXBuildFile section */

/* Begin PBXFileReference section */
		1B9907C5D3F2FFAD128B04D6 /* Pods-Twitter-FacebookSDK.debug.xcconfig */ = {isa = PBXFileReference; includeInIndex = 1; lastKnownFileType = text.xcconfig; name = "Pods-Twitter-FacebookSDK.debug.xcconfig"; path = "Target Support Files/Pods-Twitter-FacebookSDK/Pods-Twitter-FacebookSDK.debug.xcconfig"; sourceTree = "<group>"; };
		30E8D657E3DBAE00A0087572 /* Pods_Twitter_FacebookSDK.framework */ = {isa = PBXFileReference; explicitFileType = wrapper.framework; includeInIndex = 0; path = Pods_Twitter_FacebookSDK.framework; sourceTree = BUILT_PRODUCTS_DIR; };
		ABE58C3507001C344AC2DF16 /* Pods-Twitter-FacebookSDK.release.xcconfig */ = {isa = PBXFileReference; includeInIndex = 1; lastKnownFileType = text.xcconfig; name = "Pods-Twitter-FacebookSDK.release.xcconfig"; path = "Target Support Files/Pods-Twitter-FacebookSDK/Pods-Twitter-FacebookSDK.release.xcconfig"; sourceTree = "<group>"; };
		F3E62C0A2B42A788001A0A8E /* Twitter-FacebookSDK.app */ = {isa = PBXFileReference; explicitFileType = wrapper.application; includeInIndex = 0; path = "Twitter-FacebookSDK.app"; sourceTree = BUILT_PRODUCTS_DIR; };
		F3E62C0D2B42A788001A0A8E /* AppDelegate.swift */ = {isa = PBXFileReference; lastKnownFileType = sourcecode.swift; path = AppDelegate.swift; sourceTree = "<group>"; };
		F3E62C0F2B42A788001A0A8E /* SceneDelegate.swift */ = {isa = PBXFileReference; lastKnownFileType = sourcecode.swift; path = SceneDelegate.swift; sourceTree = "<group>"; };
		F3E62C142B42A788001A0A8E /* Base */ = {isa = PBXFileReference; lastKnownFileType = file.storyboard; name = Base; path = Base.lproj/Main.storyboard; sourceTree = "<group>"; };
		F3E62C162B42A78A001A0A8E /* Assets.xcassets */ = {isa = PBXFileReference; lastKnownFileType = folder.assetcatalog; path = Assets.xcassets; sourceTree = "<group>"; };
		F3E62C192B42A78A001A0A8E /* Base */ = {isa = PBXFileReference; lastKnownFileType = file.storyboard; name = Base; path = Base.lproj/LaunchScreen.storyboard; sourceTree = "<group>"; };
		F3E62C1B2B42A78A001A0A8E /* Info.plist */ = {isa = PBXFileReference; lastKnownFileType = text.plist.xml; path = Info.plist; sourceTree = "<group>"; };
		F3E62C212B42A9CC001A0A8E /* FeedTableViewController.swift */ = {isa = PBXFileReference; lastKnownFileType = sourcecode.swift; path = FeedTableViewController.swift; sourceTree = "<group>"; };
		F3E62C232B42AD00001A0A8E /* FeedTableViewCell.swift */ = {isa = PBXFileReference; lastKnownFileType = sourcecode.swift; path = FeedTableViewCell.swift; sourceTree = "<group>"; };
/* End PBXFileReference section */

/* Begin PBXFrameworksBuildPhase section */
		F3E62C072B42A788001A0A8E /* Frameworks */ = {
			isa = PBXFrameworksBuildPhase;
			buildActionMask = 2147483647;
			files = (
				1EAE93B5FB133CC9CA6D1A32 /* Pods_Twitter_FacebookSDK.framework in Frameworks */,
			);
			runOnlyForDeploymentPostprocessing = 0;
		};
/* End PBXFrameworksBuildPhase section */

/* Begin PBXGroup section */
		7416E1B6BDD8B4054EAD4CDF /* Frameworks */ = {
			isa = PBXGroup;
			children = (
				30E8D657E3DBAE00A0087572 /* Pods_Twitter_FacebookSDK.framework */,
			);
			name = Frameworks;
			sourceTree = "<group>";
		};
		87B585E384B81DAF9BED18BE /* Pods */ = {
			isa = PBXGroup;
			children = (
				1B9907C5D3F2FFAD128B04D6 /* Pods-Twitter-FacebookSDK.debug.xcconfig */,
				ABE58C3507001C344AC2DF16 /* Pods-Twitter-FacebookSDK.release.xcconfig */,
			);
			path = Pods;
			sourceTree = "<group>";
		};
		F3E62C012B42A788001A0A8E = {
			isa = PBXGroup;
			children = (
				F3E62C0C2B42A788001A0A8E /* Twitter-FacebookSDK */,
				F3E62C0B2B42A788001A0A8E /* Products */,
				87B585E384B81DAF9BED18BE /* Pods */,
				7416E1B6BDD8B4054EAD4CDF /* Frameworks */,
			);
			sourceTree = "<group>";
		};
		F3E62C0B2B42A788001A0A8E /* Products */ = {
			isa = PBXGroup;
			children = (
				F3E62C0A2B42A788001A0A8E /* Twitter-FacebookSDK.app */,
			);
			name = Products;
			sourceTree = "<group>";
		};
		F3E62C0C2B42A788001A0A8E /* Twitter-FacebookSDK */ = {
			isa = PBXGroup;
			children = (
				F3E62C0D2B42A788001A0A8E /* AppDelegate.swift */,
				F3E62C0F2B42A788001A0A8E /* SceneDelegate.swift */,
				F3E62C212B42A9CC001A0A8E /* FeedTableViewController.swift */,
				F3E62C232B42AD00001A0A8E /* FeedTableViewCell.swift */,
				F3E62C182B42A78A001A0A8E /* LaunchScreen.storyboard */,
				F3E62C132B42A788001A0A8E /* Main.storyboard */,
				F3E62C162B42A78A001A0A8E /* Assets.xcassets */,
				F3E62C1B2B42A78A001A0A8E /* Info.plist */,
			);
			path = "Twitter-FacebookSDK";
			sourceTree = "<group>";
		};
/* End PBXGroup section */

/* Begin PBXNativeTarget section */
		F3E62C092B42A788001A0A8E /* Twitter-FacebookSDK */ = {
			isa = PBXNativeTarget;
			buildConfigurationList = F3E62C1E2B42A78A001A0A8E /* Build configuration list for PBXNativeTarget "Twitter-FacebookSDK" */;
			buildPhases = (
				0C7A870419F7FFE2138DA778 /* [CP] Check Pods Manifest.lock */,
				F3E62C062B42A788001A0A8E /* Sources */,
				F3E62C072B42A788001A0A8E /* Frameworks */,
				F3E62C082B42A788001A0A8E /* Resources */,
				5CF894C79B9448AF8543570C /* [CP] Embed Pods Frameworks */,
				6AD096F6596BDD7EAF7CE7DB /* [CP] Copy Pods Resources */,
			);
			buildRules = (
			);
			dependencies = (
			);
			name = "Twitter-FacebookSDK";
			productName = "Twitter-FacebookSDK";
			productReference = F3E62C0A2B42A788001A0A8E /* Twitter-FacebookSDK.app */;
			productType = "com.apple.product-type.application";
		};
/* End PBXNativeTarget section */

/* Begin PBXProject section */
		F3E62C022B42A788001A0A8E /* Project object */ = {
			isa = PBXProject;
			attributes = {
				BuildIndependentTargetsInParallel = 1;
				LastSwiftUpdateCheck = 1510;
				LastUpgradeCheck = 1510;
				TargetAttributes = {
					F3E62C092B42A788001A0A8E = {
						CreatedOnToolsVersion = 15.1;
					};
				};
			};
			buildConfigurationList = F3E62C052B42A788001A0A8E /* Build configuration list for PBXProject "Twitter-FacebookSDK" */;
			compatibilityVersion = "Xcode 14.0";
			developmentRegion = en;
			hasScannedForEncodings = 0;
			knownRegions = (
				en,
				Base,
			);
			mainGroup = F3E62C012B42A788001A0A8E;
			productRefGroup = F3E62C0B2B42A788001A0A8E /* Products */;
			projectDirPath = "";
			projectRoot = "";
			targets = (
				F3E62C092B42A788001A0A8E /* Twitter-FacebookSDK */,
			);
		};
/* End PBXProject section */

/* Begin PBXResourcesBuildPhase section */
		F3E62C082B42A788001A0A8E /* Resources */ = {
			isa = PBXResourcesBuildPhase;
			buildActionMask = 2147483647;
			files = (
				F3E62C1A2B42A78A001A0A8E /* LaunchScreen.storyboard in Resources */,
				F3E62C172B42A78A001A0A8E /* Assets.xcassets in Resources */,
				F3E62C152B42A788001A0A8E /* Main.storyboard in Resources */,
			);
			runOnlyForDeploymentPostprocessing = 0;
		};
/* End PBXResourcesBuildPhase section */

/* Begin PBXShellScriptBuildPhase section */
		0C7A870419F7FFE2138DA778 /* [CP] Check Pods Manifest.lock */ = {
			isa = PBXShellScriptBuildPhase;
			buildActionMask = 2147483647;
			files = (
			);
			inputFileListPaths = (
			);
			inputPaths = (
				"${PODS_PODFILE_DIR_PATH}/Podfile.lock",
				"${PODS_ROOT}/Manifest.lock",
			);
			name = "[CP] Check Pods Manifest.lock";
			outputFileListPaths = (
			);
			outputPaths = (
				"$(DERIVED_FILE_DIR)/Pods-Twitter-FacebookSDK-checkManifestLockResult.txt",
			);
			runOnlyForDeploymentPostprocessing = 0;
			shellPath = /bin/sh;
			shellScript = "diff \"${PODS_PODFILE_DIR_PATH}/Podfile.lock\" \"${PODS_ROOT}/Manifest.lock\" > /dev/null\nif [ $? != 0 ] ; then\n    # print error to STDERR\n    echo \"error: The sandbox is not in sync with the Podfile.lock. Run 'pod install' or update your CocoaPods installation.\" >&2\n    exit 1\nfi\n# This output is used by Xcode 'outputs' to avoid re-running this script phase.\necho \"SUCCESS\" > \"${SCRIPT_OUTPUT_FILE_0}\"\n";
			showEnvVarsInLog = 0;
		};
		5CF894C79B9448AF8543570C /* [CP] Embed Pods Frameworks */ = {
			isa = PBXShellScriptBuildPhase;
			buildActionMask = 2147483647;
			files = (
			);
			inputFileListPaths = (
				"${PODS_ROOT}/Target Support Files/Pods-Twitter-FacebookSDK/Pods-Twitter-FacebookSDK-frameworks-${CONFIGURATION}-input-files.xcfilelist",
			);
			name = "[CP] Embed Pods Frameworks";
			outputFileListPaths = (
				"${PODS_ROOT}/Target Support Files/Pods-Twitter-FacebookSDK/Pods-Twitter-FacebookSDK-frameworks-${CONFIGURATION}-output-files.xcfilelist",
			);
			runOnlyForDeploymentPostprocessing = 0;
			shellPath = /bin/sh;
			shellScript = "\"${PODS_ROOT}/Target Support Files/Pods-Twitter-FacebookSDK/Pods-Twitter-FacebookSDK-frameworks.sh\"\n";
			showEnvVarsInLog = 0;
		};
		6AD096F6596BDD7EAF7CE7DB /* [CP] Copy Pods Resources */ = {
			isa = PBXShellScriptBuildPhase;
			buildActionMask = 2147483647;
			files = (
			);
			inputFileListPaths = (
				"${PODS_ROOT}/Target Support Files/Pods-Twitter-FacebookSDK/Pods-Twitter-FacebookSDK-resources-${CONFIGURATION}-input-files.xcfilelist",
			);
			name = "[CP] Copy Pods Resources";
			outputFileListPaths = (
				"${PODS_ROOT}/Target Support Files/Pods-Twitter-FacebookSDK/Pods-Twitter-FacebookSDK-resources-${CONFIGURATION}-output-files.xcfilelist",
			);
			runOnlyForDeploymentPostprocessing = 0;
			shellPath = /bin/sh;
			shellScript = "\"${PODS_ROOT}/Target Support Files/Pods-Twitter-FacebookSDK/Pods-Twitter-FacebookSDK-resources.sh\"\n";
			showEnvVarsInLog = 0;
		};
/* End PBXShellScriptBuildPhase section */

/* Begin PBXSourcesBuildPhase section */
		F3E62C062B42A788001A0A8E /* Sources */ = {
			isa = PBXSourcesBuildPhase;
			buildActionMask = 2147483647;
			files = (
				F3E62C0E2B42A788001A0A8E /* AppDelegate.swift in Sources */,
				F3E62C242B42AD00001A0A8E /* FeedTableViewCell.swift in Sources */,
				F3E62C222B42A9CC001A0A8E /* FeedTableViewController.swift in Sources */,
				F3E62C102B42A788001A0A8E /* SceneDelegate.swift in Sources */,
			);
			runOnlyForDeploymentPostprocessing = 0;
		};
/* End PBXSourcesBuildPhase section */

/* Begin PBXVariantGroup section */
		F3E62C132B42A788001A0A8E /* Main.storyboard */ = {
			isa = PBXVariantGroup;
			children = (
				F3E62C142B42A788001A0A8E /* Base */,
			);
			name = Main.storyboard;
			sourceTree = "<group>";
		};
		F3E62C182B42A78A001A0A8E /* LaunchScreen.storyboard */ = {
			isa = PBXVariantGroup;
			children = (
				F3E62C192B42A78A001A0A8E /* Base */,
			);
			name = LaunchScreen.storyboard;
			sourceTree = "<group>";
		};
/* End PBXVariantGroup section */

/* Begin XCBuildConfiguration section */
		F3E62C1C2B42A78A001A0A8E /* Debug */ = {
			isa = XCBuildConfiguration;
			buildSettings = {
				ALWAYS_SEARCH_USER_PATHS = NO;
				ASSETCATALOG_COMPILER_GENERATE_SWIFT_ASSET_SYMBOL_EXTENSIONS = YES;
				CLANG_ANALYZER_NONNULL = YES;
				CLANG_ANALYZER_NUMBER_OBJECT_CONVERSION = YES_AGGRESSIVE;
				CLANG_CXX_LANGUAGE_STANDARD = "gnu++20";
				CLANG_ENABLE_MODULES = YES;
				CLANG_ENABLE_OBJC_ARC = YES;
				CLANG_ENABLE_OBJC_WEAK = YES;
				CLANG_WARN_BLOCK_CAPTURE_AUTORELEASING = YES;
				CLANG_WARN_BOOL_CONVERSION = YES;
				CLANG_WARN_COMMA = YES;
				CLANG_WARN_CONSTANT_CONVERSION = YES;
				CLANG_WARN_DEPRECATED_OBJC_IMPLEMENTATIONS = YES;
				CLANG_WARN_DIRECT_OBJC_ISA_USAGE = YES_ERROR;
				CLANG_WARN_DOCUMENTATION_COMMENTS = YES;
				CLANG_WARN_EMPTY_BODY = YES;
				CLANG_WARN_ENUM_CONVERSION = YES;
				CLANG_WARN_INFINITE_RECURSION = YES;
				CLANG_WARN_INT_CONVERSION = YES;
				CLANG_WARN_NON_LITERAL_NULL_CONVERSION = YES;
				CLANG_WARN_OBJC_IMPLICIT_RETAIN_SELF = YES;
				CLANG_WARN_OBJC_LITERAL_CONVERSION = YES;
				CLANG_WARN_OBJC_ROOT_CLASS = YES_ERROR;
				CLANG_WARN_QUOTED_INCLUDE_IN_FRAMEWORK_HEADER = YES;
				CLANG_WARN_RANGE_LOOP_ANALYSIS = YES;
				CLANG_WARN_STRICT_PROTOTYPES = YES;
				CLANG_WARN_SUSPICIOUS_MOVE = YES;
				CLANG_WARN_UNGUARDED_AVAILABILITY = YES_AGGRESSIVE;
				CLANG_WARN_UNREACHABLE_CODE = YES;
				CLANG_WARN__DUPLICATE_METHOD_MATCH = YES;
				COPY_PHASE_STRIP = NO;
				DEBUG_INFORMATION_FORMAT = dwarf;
				ENABLE_STRICT_OBJC_MSGSEND = YES;
				ENABLE_TESTABILITY = YES;
				ENABLE_USER_SCRIPT_SANDBOXING = NO;
				GCC_C_LANGUAGE_STANDARD = gnu17;
				GCC_DYNAMIC_NO_PIC = NO;
				GCC_NO_COMMON_BLOCKS = YES;
				GCC_OPTIMIZATION_LEVEL = 0;
				GCC_PREPROCESSOR_DEFINITIONS = (
					"DEBUG=1",
					"$(inherited)",
				);
				GCC_WARN_64_TO_32_BIT_CONVERSION = YES;
				GCC_WARN_ABOUT_RETURN_TYPE = YES_ERROR;
				GCC_WARN_UNDECLARED_SELECTOR = YES;
				GCC_WARN_UNINITIALIZED_AUTOS = YES_AGGRESSIVE;
				GCC_WARN_UNUSED_FUNCTION = YES;
				GCC_WARN_UNUSED_VARIABLE = YES;
				IPHONEOS_DEPLOYMENT_TARGET = 17.2;
				LOCALIZATION_PREFERS_STRING_CATALOGS = YES;
				MTL_ENABLE_DEBUG_INFO = INCLUDE_SOURCE;
				MTL_FAST_MATH = YES;
				ONLY_ACTIVE_ARCH = YES;
				SDKROOT = iphoneos;
				SWIFT_ACTIVE_COMPILATION_CONDITIONS = "DEBUG $(inherited)";
				SWIFT_OPTIMIZATION_LEVEL = "-Onone";
			};
			name = Debug;
		};
		F3E62C1D2B42A78A001A0A8E /* Release */ = {
			isa = XCBuildConfiguration;
			buildSettings = {
				ALWAYS_SEARCH_USER_PATHS = NO;
				ASSETCATALOG_COMPILER_GENERATE_SWIFT_ASSET_SYMBOL_EXTENSIONS = YES;
				CLANG_ANALYZER_NONNULL = YES;
				CLANG_ANALYZER_NUMBER_OBJECT_CONVERSION = YES_AGGRESSIVE;
				CLANG_CXX_LANGUAGE_STANDARD = "gnu++20";
				CLANG_ENABLE_MODULES = YES;
				CLANG_ENABLE_OBJC_ARC = YES;
				CLANG_ENABLE_OBJC_WEAK = YES;
				CLANG_WARN_BLOCK_CAPTURE_AUTORELEASING = YES;
				CLANG_WARN_BOOL_CONVERSION = YES;
				CLANG_WARN_COMMA = YES;
				CLANG_WARN_CONSTANT_CONVERSION = YES;
				CLANG_WARN_DEPRECATED_OBJC_IMPLEMENTATIONS = YES;
				CLANG_WARN_DIRECT_OBJC_ISA_USAGE = YES_ERROR;
				CLANG_WARN_DOCUMENTATION_COMMENTS = YES;
				CLANG_WARN_EMPTY_BODY = YES;
				CLANG_WARN_ENUM_CONVERSION = YES;
				CLANG_WARN_INFINITE_RECURSION = YES;
				CLANG_WARN_INT_CONVERSION = YES;
				CLANG_WARN_NON_LITERAL_NULL_CONVERSION = YES;
				CLANG_WARN_OBJC_IMPLICIT_RETAIN_SELF = YES;
				CLANG_WARN_OBJC_LITERAL_CONVERSION = YES;
				CLANG_WARN_OBJC_ROOT_CLASS = YES_ERROR;
				CLANG_WARN_QUOTED_INCLUDE_IN_FRAMEWORK_HEADER = YES;
				CLANG_WARN_RANGE_LOOP_ANALYSIS = YES;
				CLANG_WARN_STRICT_PROTOTYPES = YES;
				CLANG_WARN_SUSPICIOUS_MOVE = YES;
				CLANG_WARN_UNGUARDED_AVAILABILITY = YES_AGGRESSIVE;
				CLANG_WARN_UNREACHABLE_CODE = YES;
				CLANG_WARN__DUPLICATE_METHOD_MATCH = YES;
				COPY_PHASE_STRIP = NO;
				DEBUG_INFORMATION_FORMAT = "dwarf-with-dsym";
				ENABLE_NS_ASSERTIONS = NO;
				ENABLE_STRICT_OBJC_MSGSEND = YES;
				ENABLE_USER_SCRIPT_SANDBOXING = NO;
				GCC_C_LANGUAGE_STANDARD = gnu17;
				GCC_NO_COMMON_BLOCKS = YES;
				GCC_WARN_64_TO_32_BIT_CONVERSION = YES;
				GCC_WARN_ABOUT_RETURN_TYPE = YES_ERROR;
				GCC_WARN_UNDECLARED_SELECTOR = YES;
				GCC_WARN_UNINITIALIZED_AUTOS = YES_AGGRESSIVE;
				GCC_WARN_UNUSED_FUNCTION = YES;
				GCC_WARN_UNUSED_VARIABLE = YES;
				IPHONEOS_DEPLOYMENT_TARGET = 17.2;
				LOCALIZATION_PREFERS_STRING_CATALOGS = YES;
				MTL_ENABLE_DEBUG_INFO = NO;
				MTL_FAST_MATH = YES;
				SDKROOT = iphoneos;
				SWIFT_COMPILATION_MODE = wholemodule;
				VALIDATE_PRODUCT = YES;
			};
			name = Release;
		};
		F3E62C1F2B42A78A001A0A8E /* Debug */ = {
			isa = XCBuildConfiguration;
			baseConfigurationReference = 1B9907C5D3F2FFAD128B04D6 /* Pods-Twitter-FacebookSDK.debug.xcconfig */;
			buildSettings = {
				ASSETCATALOG_COMPILER_APPICON_NAME = AppIcon;
				ASSETCATALOG_COMPILER_GLOBAL_ACCENT_COLOR_NAME = AccentColor;
				CODE_SIGN_STYLE = Automatic;
				CURRENT_PROJECT_VERSION = 1;
				DEVELOPMENT_TEAM = WT2DZRQ5QP;
				GENERATE_INFOPLIST_FILE = YES;
				INFOPLIST_FILE = "Twitter-FacebookSDK/Info.plist";
				INFOPLIST_KEY_UIApplicationSupportsIndirectInputEvents = YES;
				INFOPLIST_KEY_UILaunchStoryboardName = LaunchScreen;
				INFOPLIST_KEY_UIMainStoryboardFile = Main;
				INFOPLIST_KEY_UISupportedInterfaceOrientations_iPad = "UIInterfaceOrientationPortrait UIInterfaceOrientationPortraitUpsideDown UIInterfaceOrientationLandscapeLeft UIInterfaceOrientationLandscapeRight";
				INFOPLIST_KEY_UISupportedInterfaceOrientations_iPhone = "UIInterfaceOrientationPortrait UIInterfaceOrientationLandscapeLeft UIInterfaceOrientationLandscapeRight";
				LD_RUNPATH_SEARCH_PATHS = (
					"$(inherited)",
					"@executable_path/Frameworks",
				);
				MARKETING_VERSION = 1.0;
				PRODUCT_BUNDLE_IDENTIFIER = "com.gali.Test-Project";
				PRODUCT_NAME = "$(TARGET_NAME)";
				SWIFT_EMIT_LOC_STRINGS = YES;
				SWIFT_VERSION = 5.0;
				TARGETED_DEVICE_FAMILY = "1,2";
			};
			name = Debug;
		};
		F3E62C202B42A78A001A0A8E /* Release */ = {
			isa = XCBuildConfiguration;
			baseConfigurationReference = ABE58C3507001C344AC2DF16 /* Pods-Twitter-FacebookSDK.release.xcconfig */;
			buildSettings = {
				ASSETCATALOG_COMPILER_APPICON_NAME = AppIcon;
				ASSETCATALOG_COMPILER_GLOBAL_ACCENT_COLOR_NAME = AccentColor;
				CODE_SIGN_STYLE = Automatic;
				CURRENT_PROJECT_VERSION = 1;
				DEVELOPMENT_TEAM = WT2DZRQ5QP;
				GENERATE_INFOPLIST_FILE = YES;
				INFOPLIST_FILE = "Twitter-FacebookSDK/Info.plist";
				INFOPLIST_KEY_UIApplicationSupportsIndirectInputEvents = YES;
				INFOPLIST_KEY_UILaunchStoryboardName = LaunchScreen;
				INFOPLIST_KEY_UIMainStoryboardFile = Main;
				INFOPLIST_KEY_UISupportedInterfaceOrientations_iPad = "UIInterfaceOrientationPortrait UIInterfaceOrientationPortraitUpsideDown UIInterfaceOrientationLandscapeLeft UIInterfaceOrientationLandscapeRight";
				INFOPLIST_KEY_UISupportedInterfaceOrientations_iPhone = "UIInterfaceOrientationPortrait UIInterfaceOrientationLandscapeLeft UIInterfaceOrientationLandscapeRight";
				LD_RUNPATH_SEARCH_PATHS = (
					"$(inherited)",
					"@executable_path/Frameworks",
				);
				MARKETING_VERSION = 1.0;
				PRODUCT_BUNDLE_IDENTIFIER = "com.gali.Test-Project";
				PRODUCT_NAME = "$(TARGET_NAME)";
				SWIFT_EMIT_LOC_STRINGS = YES;
				SWIFT_VERSION = 5.0;
				TARGETED_DEVICE_FAMILY = "1,2";
			};
			name = Release;
		};
/* End XCBuildConfiguration section */

/* Begin XCConfigurationList section */
		F3E62C052B42A788001A0A8E /* Build configuration list for PBXProject "Twitter-FacebookSDK" */ = {
			isa = XCConfigurationList;
			buildConfigurations = (
				F3E62C1C2B42A78A001A0A8E /* Debug */,
				F3E62C1D2B42A78A001A0A8E /* Release */,
			);
			defaultConfigurationIsVisible = 0;
			defaultConfigurationName = Release;
		};
		F3E62C1E2B42A78A001A0A8E /* Build configuration list for PBXNativeTarget "Twitter-FacebookSDK" */ = {
			isa = XCConfigurationList;
			buildConfigurations = (
				F3E62C1F2B42A78A001A0A8E /* Debug */,
				F3E62C202B42A78A001A0A8E /* Release */,
			);
			defaultConfigurationIsVisible = 0;
			defaultConfigurationName = Release;
		};
/* End XCConfigurationList section */
	};
	rootObject = F3E62C022B42A788001A0A8E /* Project object */;
}
